
Microsoft Visual Studio Solution File, Format Version 12.00
# Visual Studio Version 17
VisualStudioVersion = 17.4.33103.184
MinimumVisualStudioVersion = 10.0.40219.1
Project("{9A19103F-16F7-4668-BE54-9A1E7A4F7556}") = "Bookish-c.ConsoleApp", "Bookish-c\Bookish-c.ConsoleApp.csproj", "{28DB526E-9F6C-4585-AE45-6572F116E8B8}"
	ProjectSection(ProjectDependencies) = postProject
		{1B99D0E5-FED6-4CD4-87FB-2E235E4EEDB6} = {1B99D0E5-FED6-4CD4-87FB-2E235E4EEDB6}
	EndProjectSection
EndProject
Project("{9A19103F-16F7-4668-BE54-9A1E7A4F7556}") = "Bookish.DataAccess", "Bookish.DataAccess\Bookish.DataAccess.csproj", "{1B99D0E5-FED6-4CD4-87FB-2E235E4EEDB6}"
EndProject
Project("{FAE04EC0-301F-11D3-BF4B-00C04F79EFBC}") = "Bookish.WebApp", "Bookish.WebApp\Bookish.WebApp.csproj", "{A103108D-E28E-4751-88C9-7FBE30B60DB1}"
EndProject
Global
	GlobalSection(SolutionConfigurationPlatforms) = preSolution
		Debug|Any CPU = Debug|Any CPU
		Release|Any CPU = Release|Any CPU
	EndGlobalSection
	GlobalSection(ProjectConfigurationPlatforms) = postSolution
		{28DB526E-9F6C-4585-AE45-6572F116E8B8}.Debug|Any CPU.ActiveCfg = Debug|Any CPU
		{28DB526E-9F6C-4585-AE45-6572F116E8B8}.Debug|Any CPU.Build.0 = Debug|Any CPU
		{28DB526E-9F6C-4585-AE45-6572F116E8B8}.Release|Any CPU.ActiveCfg = Release|Any CPU
		{28DB526E-9F6C-4585-AE45-6572F116E8B8}.Release|Any CPU.Build.0 = Release|Any CPU
		{1B99D0E5-FED6-4CD4-87FB-2E235E4EEDB6}.Debug|Any CPU.ActiveCfg = Debug|Any CPU
		{1B99D0E5-FED6-4CD4-87FB-2E235E4EEDB6}.Debug|Any CPU.Build.0 = Debug|Any CPU
		{1B99D0E5-FED6-4CD4-87FB-2E235E4EEDB6}.Release|Any CPU.ActiveCfg = Release|Any CPU
		{1B99D0E5-FED6-4CD4-87FB-2E235E4EEDB6}.Release|Any CPU.Build.0 = Release|Any CPU
		{A103108D-E28E-4751-88C9-7FBE30B60DB1}.Debug|Any CPU.ActiveCfg = Debug|Any CPU
		{A103108D-E28E-4751-88C9-7FBE30B60DB1}.Debug|Any CPU.Build.0 = Debug|Any CPU
		{A103108D-E28E-4751-88C9-7FBE30B60DB1}.Release|Any CPU.ActiveCfg = Release|Any CPU
		{A103108D-E28E-4751-88C9-7FBE30B60DB1}.Release|Any CPU.Build.0 = Release|Any CPU
	EndGlobalSection
	GlobalSection(SolutionProperties) = preSolution
		HideSolutionNode = FALSE
	EndGlobalSection
	GlobalSection(ExtensibilityGlobals) = postSolution
		SolutionGuid = {48E0C747-5858-4ED5-B255-0CD855EC9D13}
	EndGlobalSection
EndGlobal
